
Microsoft Visual Studio Solution File, Format Version 12.00
# Visual Studio Version 17
VisualStudioVersion = 17.6.33815.320
MinimumVisualStudioVersion = 10.0.40219.1
Project("{FAE04EC0-301F-11D3-BF4B-00C04F79EFBC}") = "AdventOfCode", "AdventOfCode.csproj", "{460FE9C7-5C06-47FC-ABB3-9AE1D92B5DDB}"
EndProject
Global
	GlobalSection(SolutionConfigurationPlatforms) = preSolution
		Debug|Any CPU = Debug|Any CPU
		Release|Any CPU = Release|Any CPU
	EndGlobalSection
	GlobalSection(ProjectConfigurationPlatforms) = postSolution
		{460FE9C7-5C06-47FC-ABB3-9AE1D92B5DDB}.Debug|Any CPU.ActiveCfg = Debug|Any CPU
		{460FE9C7-5C06-47FC-ABB3-9AE1D92B5DDB}.Debug|Any CPU.Build.0 = Debug|Any CPU
		{460FE9C7-5C06-47FC-ABB3-9AE1D92B5DDB}.Release|Any CPU.ActiveCfg = Release|Any CPU
		{460FE9C7-5C06-47FC-ABB3-9AE1D92B5DDB}.Release|Any CPU.Build.0 = Release|Any CPU
	EndGlobalSection
	GlobalSection(SolutionProperties) = preSolution
		HideSolutionNode = FALSE
	EndGlobalSection
	GlobalSection(ExtensibilityGlobals) = postSolution
		SolutionGuid = {61D24801-0629-471F-8618-1570A7562DE4}
	EndGlobalSection
EndGlobal
